// !$*UTF8*$!
{
	archiveVersion = 1;
	classes = {
	};
	objectVersion = 52;
	objects = {

/* Begin PBXBuildFile section */
		2811CBC125AE334500F789B7 /* AppDelegate.swift in Sources */ = {isa = PBXBuildFile; fileRef = 2811CBC025AE334500F789B7 /* AppDelegate.swift */; };
		2811CBC325AE334500F789B7 /* ViewController.swift in Sources */ = {isa = PBXBuildFile; fileRef = 2811CBC225AE334500F789B7 /* ViewController.swift */; };
		2811CBC525AE334700F789B7 /* Assets.xcassets in Resources */ = {isa = PBXBuildFile; fileRef = 2811CBC425AE334700F789B7 /* Assets.xcassets */; };
		2811CBC825AE334700F789B7 /* Main.storyboard in Resources */ = {isa = PBXBuildFile; fileRef = 2811CBC625AE334700F789B7 /* Main.storyboard */; };
		2811CBD425AE36DA00F789B7 /* SQLite in Frameworks */ = {isa = PBXBuildFile; productRef = 2811CBD325AE36DA00F789B7 /* SQLite */; };
		2811CBDC25AE3A4000F789B7 /* DBManager.swift in Sources */ = {isa = PBXBuildFile; fileRef = 2811CBDB25AE3A4000F789B7 /* DBManager.swift */; };
		2811CBE025AE3A9800F789B7 /* words_dictionary.json in Resources */ = {isa = PBXBuildFile; fileRef = 2811CBDF25AE3A9800F789B7 /* words_dictionary.json */; };
		2811CBE925AEA42200F789B7 /* words.sqlite3 in Resources */ = {isa = PBXBuildFile; fileRef = 2811CBE725AEA2C300F789B7 /* words.sqlite3 */; };
		2811CBEC25AEB20600F789B7 /* WindowController.swift in Sources */ = {isa = PBXBuildFile; fileRef = 2811CBEB25AEB20600F789B7 /* WindowController.swift */; };
		2811CC0225B0B91500F789B7 /* PasswordGenerator.swift in Sources */ = {isa = PBXBuildFile; fileRef = 2811CC0125B0B91500F789B7 /* PasswordGenerator.swift */; };
		2811CC0525B0B93400F789B7 /* PasswordConfiguration.swift in Sources */ = {isa = PBXBuildFile; fileRef = 2811CC0425B0B93400F789B7 /* PasswordConfiguration.swift */; };
		2811CC0825B0D20B00F789B7 /* FlatButton.swift in Sources */ = {isa = PBXBuildFile; fileRef = 2811CC0725B0D20A00F789B7 /* FlatButton.swift */; };
		28C36F1425B2090D005B710D /* OGSwitch.swift in Sources */ = {isa = PBXBuildFile; fileRef = 28C36F1325B2090D005B710D /* OGSwitch.swift */; };
/* End PBXBuildFile section */

/* Begin PBXFileReference section */
		2811CBBD25AE334500F789B7 /* Guptapada.app */ = {isa = PBXFileReference; explicitFileType = wrapper.application; includeInIndex = 0; path = Guptapada.app; sourceTree = BUILT_PRODUCTS_DIR; };
		2811CBC025AE334500F789B7 /* AppDelegate.swift */ = {isa = PBXFileReference; lastKnownFileType = sourcecode.swift; path = AppDelegate.swift; sourceTree = "<group>"; };
		2811CBC225AE334500F789B7 /* ViewController.swift */ = {isa = PBXFileReference; lastKnownFileType = sourcecode.swift; path = ViewController.swift; sourceTree = "<group>"; };
		2811CBC425AE334700F789B7 /* Assets.xcassets */ = {isa = PBXFileReference; lastKnownFileType = folder.assetcatalog; path = Assets.xcassets; sourceTree = "<group>"; };
		2811CBC725AE334700F789B7 /* Base */ = {isa = PBXFileReference; lastKnownFileType = file.storyboard; name = Base; path = Base.lproj/Main.storyboard; sourceTree = "<group>"; };
		2811CBC925AE334700F789B7 /* Info.plist */ = {isa = PBXFileReference; lastKnownFileType = text.plist.xml; path = Info.plist; sourceTree = "<group>"; };
		2811CBCA25AE334700F789B7 /* Guptapada.entitlements */ = {isa = PBXFileReference; lastKnownFileType = text.plist.entitlements; path = Guptapada.entitlements; sourceTree = "<group>"; };
		2811CBDB25AE3A4000F789B7 /* DBManager.swift */ = {isa = PBXFileReference; lastKnownFileType = sourcecode.swift; path = DBManager.swift; sourceTree = "<group>"; };
		2811CBDF25AE3A9800F789B7 /* words_dictionary.json */ = {isa = PBXFileReference; fileEncoding = 4; lastKnownFileType = text.json; path = words_dictionary.json; sourceTree = "<group>"; };
		2811CBE725AEA2C300F789B7 /* words.sqlite3 */ = {isa = PBXFileReference; lastKnownFileType = file; path = words.sqlite3; sourceTree = "<group>"; };
		2811CBEB25AEB20600F789B7 /* WindowController.swift */ = {isa = PBXFileReference; lastKnownFileType = sourcecode.swift; path = WindowController.swift; sourceTree = "<group>"; };
		2811CC0125B0B91500F789B7 /* PasswordGenerator.swift */ = {isa = PBXFileReference; lastKnownFileType = sourcecode.swift; path = PasswordGenerator.swift; sourceTree = "<group>"; };
		2811CC0425B0B93400F789B7 /* PasswordConfiguration.swift */ = {isa = PBXFileReference; lastKnownFileType = sourcecode.swift; path = PasswordConfiguration.swift; sourceTree = "<group>"; };
		2811CC0725B0D20A00F789B7 /* FlatButton.swift */ = {isa = PBXFileReference; fileEncoding = 4; lastKnownFileType = sourcecode.swift; path = FlatButton.swift; sourceTree = "<group>"; };
		28C36F1325B2090D005B710D /* OGSwitch.swift */ = {isa = PBXFileReference; fileEncoding = 4; lastKnownFileType = sourcecode.swift; path = OGSwitch.swift; sourceTree = "<group>"; };
/* End PBXFileReference section */

/* Begin PBXFrameworksBuildPhase section */
		2811CBBA25AE334500F789B7 /* Frameworks */ = {
			isa = PBXFrameworksBuildPhase;
			buildActionMask = 2147483647;
			files = (
				2811CBD425AE36DA00F789B7 /* SQLite in Frameworks */,
			);
			runOnlyForDeploymentPostprocessing = 0;
		};
/* End PBXFrameworksBuildPhase section */

/* Begin PBXGroup section */
		2811CBB425AE334500F789B7 = {
			isa = PBXGroup;
			children = (
				2811CBBF25AE334500F789B7 /* Guptapada */,
				2811CBBE25AE334500F789B7 /* Products */,
			);
			sourceTree = "<group>";
		};
		2811CBBE25AE334500F789B7 /* Products */ = {
			isa = PBXGroup;
			children = (
				2811CBBD25AE334500F789B7 /* Guptapada.app */,
			);
			name = Products;
			sourceTree = "<group>";
		};
		2811CBBF25AE334500F789B7 /* Guptapada */ = {
			isa = PBXGroup;
			children = (
				2811CBD725AE39D100F789B7 /* Source */,
				2811CBD625AE39C000F789B7 /* Resources */,
				2811CBD825AE39DB00F789B7 /* Supporting Files */,
			);
			path = Guptapada;
			sourceTree = "<group>";
		};
		2811CBD625AE39C000F789B7 /* Resources */ = {
			isa = PBXGroup;
			children = (
				2811CBC625AE334700F789B7 /* Main.storyboard */,
				2811CBE725AEA2C300F789B7 /* words.sqlite3 */,
				2811CBDF25AE3A9800F789B7 /* words_dictionary.json */,
			);
			path = Resources;
			sourceTree = "<group>";
		};
		2811CBD725AE39D100F789B7 /* Source */ = {
			isa = PBXGroup;
			children = (
				28C36F1325B2090D005B710D /* OGSwitch.swift */,
				2811CC0725B0D20A00F789B7 /* FlatButton.swift */,
				2811CBC025AE334500F789B7 /* AppDelegate.swift */,
				2811CBEB25AEB20600F789B7 /* WindowController.swift */,
				2811CBC225AE334500F789B7 /* ViewController.swift */,
				2811CBDB25AE3A4000F789B7 /* DBManager.swift */,
				2811CC0125B0B91500F789B7 /* PasswordGenerator.swift */,
				2811CC0425B0B93400F789B7 /* PasswordConfiguration.swift */,
			);
			path = Source;
			sourceTree = "<group>";
		};
		2811CBD825AE39DB00F789B7 /* Supporting Files */ = {
			isa = PBXGroup;
			children = (
				2811CBC425AE334700F789B7 /* Assets.xcassets */,
				2811CBC925AE334700F789B7 /* Info.plist */,
				2811CBCA25AE334700F789B7 /* Guptapada.entitlements */,
			);
			name = "Supporting Files";
			sourceTree = "<group>";
		};
/* End PBXGroup section */

/* Begin PBXNativeTarget section */
		2811CBBC25AE334500F789B7 /* Guptapada */ = {
			isa = PBXNativeTarget;
			buildConfigurationList = 2811CBCD25AE334700F789B7 /* Build configuration list for PBXNativeTarget "Guptapada" */;
			buildPhases = (
				2811CBB925AE334500F789B7 /* Sources */,
				2811CBBA25AE334500F789B7 /* Frameworks */,
				2811CBBB25AE334500F789B7 /* Resources */,
			);
			buildRules = (
			);
			dependencies = (
			);
			name = Guptapada;
			packageProductDependencies = (
				2811CBD325AE36DA00F789B7 /* SQLite */,
			);
			productName = Guptapada;
			productReference = 2811CBBD25AE334500F789B7 /* Guptapada.app */;
			productType = "com.apple.product-type.application";
		};
/* End PBXNativeTarget section */

/* Begin PBXProject section */
		2811CBB525AE334500F789B7 /* Project object */ = {
			isa = PBXProject;
			attributes = {
				LastSwiftUpdateCheck = 1230;
				LastUpgradeCheck = 1230;
				TargetAttributes = {
					2811CBBC25AE334500F789B7 = {
						CreatedOnToolsVersion = 12.3;
					};
				};
			};
			buildConfigurationList = 2811CBB825AE334500F789B7 /* Build configuration list for PBXProject "Guptapada" */;
			compatibilityVersion = "Xcode 9.3";
			developmentRegion = en;
			hasScannedForEncodings = 0;
			knownRegions = (
				en,
				Base,
			);
			mainGroup = 2811CBB425AE334500F789B7;
			packageReferences = (
				2811CBD225AE36DA00F789B7 /* XCRemoteSwiftPackageReference "SQLite.swift" */,
			);
			productRefGroup = 2811CBBE25AE334500F789B7 /* Products */;
			projectDirPath = "";
			projectRoot = "";
			targets = (
				2811CBBC25AE334500F789B7 /* Guptapada */,
			);
		};
/* End PBXProject section */

/* Begin PBXResourcesBuildPhase section */
		2811CBBB25AE334500F789B7 /* Resources */ = {
			isa = PBXResourcesBuildPhase;
			buildActionMask = 2147483647;
			files = (
				2811CBE925AEA42200F789B7 /* words.sqlite3 in Resources */,
				2811CBC525AE334700F789B7 /* Assets.xcassets in Resources */,
				2811CBC825AE334700F789B7 /* Main.storyboard in Resources */,
				2811CBE025AE3A9800F789B7 /* words_dictionary.json in Resources */,
			);
			runOnlyForDeploymentPostprocessing = 0;
		};
/* End PBXResourcesBuildPhase section */

/* Begin PBXSourcesBuildPhase section */
		2811CBB925AE334500F789B7 /* Sources */ = {
			isa = PBXSourcesBuildPhase;
			buildActionMask = 2147483647;
			files = (
				2811CBC325AE334500F789B7 /* ViewController.swift in Sources */,
				28C36F1425B2090D005B710D /* OGSwitch.swift in Sources */,
				2811CBEC25AEB20600F789B7 /* WindowController.swift in Sources */,
				2811CBDC25AE3A4000F789B7 /* DBManager.swift in Sources */,
				2811CC0225B0B91500F789B7 /* PasswordGenerator.swift in Sources */,
				2811CC0825B0D20B00F789B7 /* FlatButton.swift in Sources */,
				2811CBC125AE334500F789B7 /* AppDelegate.swift in Sources */,
				2811CC0525B0B93400F789B7 /* PasswordConfiguration.swift in Sources */,
			);
			runOnlyForDeploymentPostprocessing = 0;
		};
/* End PBXSourcesBuildPhase section */

/* Begin PBXVariantGroup section */
		2811CBC625AE334700F789B7 /* Main.storyboard */ = {
			isa = PBXVariantGroup;
			children = (
				2811CBC725AE334700F789B7 /* Base */,
			);
			name = Main.storyboard;
			sourceTree = "<group>";
		};
/* End PBXVariantGroup section */

/* Begin XCBuildConfiguration section */
		2811CBCB25AE334700F789B7 /* Debug */ = {
			isa = XCBuildConfiguration;
			buildSettings = {
				ALWAYS_SEARCH_USER_PATHS = NO;
				CLANG_ANALYZER_NONNULL = YES;
				CLANG_ANALYZER_NUMBER_OBJECT_CONVERSION = YES_AGGRESSIVE;
				CLANG_CXX_LANGUAGE_STANDARD = "gnu++14";
				CLANG_CXX_LIBRARY = "libc++";
				CLANG_ENABLE_MODULES = YES;
				CLANG_ENABLE_OBJC_ARC = YES;
				CLANG_ENABLE_OBJC_WEAK = YES;
				CLANG_WARN_BLOCK_CAPTURE_AUTORELEASING = YES;
				CLANG_WARN_BOOL_CONVERSION = YES;
				CLANG_WARN_COMMA = YES;
				CLANG_WARN_CONSTANT_CONVERSION = YES;
				CLANG_WARN_DEPRECATED_OBJC_IMPLEMENTATIONS = YES;
				CLANG_WARN_DIRECT_OBJC_ISA_USAGE = YES_ERROR;
				CLANG_WARN_DOCUMENTATION_COMMENTS = YES;
				CLANG_WARN_EMPTY_BODY = YES;
				CLANG_WARN_ENUM_CONVERSION = YES;
				CLANG_WARN_INFINITE_RECURSION = YES;
				CLANG_WARN_INT_CONVERSION = YES;
				CLANG_WARN_NON_LITERAL_NULL_CONVERSION = YES;
				CLANG_WARN_OBJC_IMPLICIT_RETAIN_SELF = YES;
				CLANG_WARN_OBJC_LITERAL_CONVERSION = YES;
				CLANG_WARN_OBJC_ROOT_CLASS = YES_ERROR;
				CLANG_WARN_QUOTED_INCLUDE_IN_FRAMEWORK_HEADER = YES;
				CLANG_WARN_RANGE_LOOP_ANALYSIS = YES;
				CLANG_WARN_STRICT_PROTOTYPES = YES;
				CLANG_WARN_SUSPICIOUS_MOVE = YES;
				CLANG_WARN_UNGUARDED_AVAILABILITY = YES_AGGRESSIVE;
				CLANG_WARN_UNREACHABLE_CODE = YES;
				CLANG_WARN__DUPLICATE_METHOD_MATCH = YES;
				COPY_PHASE_STRIP = NO;
				DEBUG_INFORMATION_FORMAT = dwarf;
				ENABLE_STRICT_OBJC_MSGSEND = YES;
				ENABLE_TESTABILITY = YES;
				GCC_C_LANGUAGE_STANDARD = gnu11;
				GCC_DYNAMIC_NO_PIC = NO;
				GCC_NO_COMMON_BLOCKS = YES;
				GCC_OPTIMIZATION_LEVEL = 0;
				GCC_PREPROCESSOR_DEFINITIONS = (
					"DEBUG=1",
					"$(inherited)",
				);
				GCC_WARN_64_TO_32_BIT_CONVERSION = YES;
				GCC_WARN_ABOUT_RETURN_TYPE = YES_ERROR;
				GCC_WARN_UNDECLARED_SELECTOR = YES;
				GCC_WARN_UNINITIALIZED_AUTOS = YES_AGGRESSIVE;
				GCC_WARN_UNUSED_FUNCTION = YES;
				GCC_WARN_UNUSED_VARIABLE = YES;
				MACOSX_DEPLOYMENT_TARGET = 10.15;
				MTL_ENABLE_DEBUG_INFO = INCLUDE_SOURCE;
				MTL_FAST_MATH = YES;
				ONLY_ACTIVE_ARCH = YES;
				SDKROOT = macosx;
				SWIFT_ACTIVE_COMPILATION_CONDITIONS = DEBUG;
				SWIFT_OPTIMIZATION_LEVEL = "-Onone";
			};
			name = Debug;
		};
		2811CBCC25AE334700F789B7 /* Release */ = {
			isa = XCBuildConfiguration;
			buildSettings = {
				ALWAYS_SEARCH_USER_PATHS = NO;
				CLANG_ANALYZER_NONNULL = YES;
				CLANG_ANALYZER_NUMBER_OBJECT_CONVERSION = YES_AGGRESSIVE;
				CLANG_CXX_LANGUAGE_STANDARD = "gnu++14";
				CLANG_CXX_LIBRARY = "libc++";
				CLANG_ENABLE_MODULES = YES;
				CLANG_ENABLE_OBJC_ARC = YES;
				CLANG_ENABLE_OBJC_WEAK = YES;
				CLANG_WARN_BLOCK_CAPTURE_AUTORELEASING = YES;
				CLANG_WARN_BOOL_CONVERSION = YES;
				CLANG_WARN_COMMA = YES;
				CLANG_WARN_CONSTANT_CONVERSION = YES;
				CLANG_WARN_DEPRECATED_OBJC_IMPLEMENTATIONS = YES;
				CLANG_WARN_DIRECT_OBJC_ISA_USAGE = YES_ERROR;
				CLANG_WARN_DOCUMENTATION_COMMENTS = YES;
				CLANG_WARN_EMPTY_BODY = YES;
				CLANG_WARN_ENUM_CONVERSION = YES;
				CLANG_WARN_INFINITE_RECURSION = YES;
				CLANG_WARN_INT_CONVERSION = YES;
				CLANG_WARN_NON_LITERAL_NULL_CONVERSION = YES;
				CLANG_WARN_OBJC_IMPLICIT_RETAIN_SELF = YES;
				CLANG_WARN_OBJC_LITERAL_CONVERSION = YES;
				CLANG_WARN_OBJC_ROOT_CLASS = YES_ERROR;
				CLANG_WARN_QUOTED_INCLUDE_IN_FRAMEWORK_HEADER = YES;
				CLANG_WARN_RANGE_LOOP_ANALYSIS = YES;
				CLANG_WARN_STRICT_PROTOTYPES = YES;
				CLANG_WARN_SUSPICIOUS_MOVE = YES;
				CLANG_WARN_UNGUARDED_AVAILABILITY = YES_AGGRESSIVE;
				CLANG_WARN_UNREACHABLE_CODE = YES;
				CLANG_WARN__DUPLICATE_METHOD_MATCH = YES;
				COPY_PHASE_STRIP = NO;
				DEBUG_INFORMATION_FORMAT = "dwarf-with-dsym";
				ENABLE_NS_ASSERTIONS = NO;
				ENABLE_STRICT_OBJC_MSGSEND = YES;
				GCC_C_LANGUAGE_STANDARD = gnu11;
				GCC_NO_COMMON_BLOCKS = YES;
				GCC_WARN_64_TO_32_BIT_CONVERSION = YES;
				GCC_WARN_ABOUT_RETURN_TYPE = YES_ERROR;
				GCC_WARN_UNDECLARED_SELECTOR = YES;
				GCC_WARN_UNINITIALIZED_AUTOS = YES_AGGRESSIVE;
				GCC_WARN_UNUSED_FUNCTION = YES;
				GCC_WARN_UNUSED_VARIABLE = YES;
				MACOSX_DEPLOYMENT_TARGET = 10.15;
				MTL_ENABLE_DEBUG_INFO = NO;
				MTL_FAST_MATH = YES;
				SDKROOT = macosx;
				SWIFT_COMPILATION_MODE = wholemodule;
				SWIFT_OPTIMIZATION_LEVEL = "-O";
			};
			name = Release;
		};
		2811CBCE25AE334700F789B7 /* Debug */ = {
			isa = XCBuildConfiguration;
			buildSettings = {
				ASSETCATALOG_COMPILER_APPICON_NAME = AppIcon;
				ASSETCATALOG_COMPILER_GLOBAL_ACCENT_COLOR_NAME = AccentColor;
				CODE_SIGN_ENTITLEMENTS = Guptapada/Guptapada.entitlements;
				CODE_SIGN_STYLE = Automatic;
				COMBINE_HIDPI_IMAGES = YES;
				DEVELOPMENT_TEAM = 638CAR2KDN;
				ENABLE_HARDENED_RUNTIME = YES;
				INFOPLIST_FILE = Guptapada/Info.plist;
				LD_RUNPATH_SEARCH_PATHS = (
					"$(inherited)",
					"@executable_path/../Frameworks",
				);
				PRODUCT_BUNDLE_IDENTIFIER = in.mehulb.Guptapada;
				PRODUCT_NAME = "$(TARGET_NAME)";
				SWIFT_VERSION = 5.0;
			};
			name = Debug;
		};
		2811CBCF25AE334700F789B7 /* Release */ = {
			isa = XCBuildConfiguration;
			buildSettings = {
				ASSETCATALOG_COMPILER_APPICON_NAME = AppIcon;
				ASSETCATALOG_COMPILER_GLOBAL_ACCENT_COLOR_NAME = AccentColor;
				CODE_SIGN_ENTITLEMENTS = Guptapada/Guptapada.entitlements;
				CODE_SIGN_STYLE = Automatic;
				COMBINE_HIDPI_IMAGES = YES;
				DEVELOPMENT_TEAM = 638CAR2KDN;
				ENABLE_HARDENED_RUNTIME = YES;
				INFOPLIST_FILE = Guptapada/Info.plist;
				LD_RUNPATH_SEARCH_PATHS = (
					"$(inherited)",
					"@executable_path/../Frameworks",
				);
				PRODUCT_BUNDLE_IDENTIFIER = in.mehulb.Guptapada;
				PRODUCT_NAME = "$(TARGET_NAME)";
				SWIFT_VERSION = 5.0;
			};
			name = Release;
		};
/* End XCBuildConfiguration section */

/* Begin XCConfigurationList section */
		2811CBB825AE334500F789B7 /* Build configuration list for PBXProject "Guptapada" */ = {
			isa = XCConfigurationList;
			buildConfigurations = (
				2811CBCB25AE334700F789B7 /* Debug */,
				2811CBCC25AE334700F789B7 /* Release */,
			);
			defaultConfigurationIsVisible = 0;
			defaultConfigurationName = Release;
		};
		2811CBCD25AE334700F789B7 /* Build configuration list for PBXNativeTarget "Guptapada" */ = {
			isa = XCConfigurationList;
			buildConfigurations = (
				2811CBCE25AE334700F789B7 /* Debug */,
				2811CBCF25AE334700F789B7 /* Release */,
			);
			defaultConfigurationIsVisible = 0;
			defaultConfigurationName = Release;
		};
/* End XCConfigurationList section */

/* Begin XCRemoteSwiftPackageReference section */
		2811CBD225AE36DA00F789B7 /* XCRemoteSwiftPackageReference "SQLite.swift" */ = {
			isa = XCRemoteSwiftPackageReference;
			repositoryURL = "https://github.com/stephencelis/SQLite.swift.git";
			requirement = {
				kind = upToNextMajorVersion;
				minimumVersion = 0.12.2;
			};
		};
/* End XCRemoteSwiftPackageReference section */

/* Begin XCSwiftPackageProductDependency section */
		2811CBD325AE36DA00F789B7 /* SQLite */ = {
			isa = XCSwiftPackageProductDependency;
			package = 2811CBD225AE36DA00F789B7 /* XCRemoteSwiftPackageReference "SQLite.swift" */;
			productName = SQLite;
		};
/* End XCSwiftPackageProductDependency section */
	};
	rootObject = 2811CBB525AE334500F789B7 /* Project object */;
}
